
Microsoft Visual Studio Solution File, Format Version 12.00
# Visual Studio Version 17
VisualStudioVersion = 17.2.32616.157
MinimumVisualStudioVersion = 10.0.40219.1
Project("{FAE04EC0-301F-11D3-BF4B-00C04F79EFBC}") = "pipeline2", "pipeline2\pipeline2.csproj", "{50A45F06-F66F-4071-B2C0-E8B19EBB191A}"
EndProject
Global
	GlobalSection(SolutionConfigurationPlatforms) = preSolution
		Debug|Any CPU = Debug|Any CPU
		Release|Any CPU = Release|Any CPU
	EndGlobalSection
	GlobalSection(ProjectConfigurationPlatforms) = postSolution
		{50A45F06-F66F-4071-B2C0-E8B19EBB191A}.Debug|Any CPU.ActiveCfg = Debug|Any CPU
		{50A45F06-F66F-4071-B2C0-E8B19EBB191A}.Debug|Any CPU.Build.0 = Debug|Any CPU
		{50A45F06-F66F-4071-B2C0-E8B19EBB191A}.Release|Any CPU.ActiveCfg = Release|Any CPU
		{50A45F06-F66F-4071-B2C0-E8B19EBB191A}.Release|Any CPU.Build.0 = Release|Any CPU
	EndGlobalSection
	GlobalSection(SolutionProperties) = preSolution
		HideSolutionNode = FALSE
	EndGlobalSection
	GlobalSection(ExtensibilityGlobals) = postSolution
		SolutionGuid = {D3BB3B0B-E461-4FCF-A4E2-A4C3A94EBD43}
	EndGlobalSection
EndGlobal
